
Microsoft Visual Studio Solution File, Format Version 12.00
# Visual Studio Version 17
VisualStudioVersion = 17.9.34723.18
MinimumVisualStudioVersion = 10.0.40219.1
Project("{FAE04EC0-301F-11D3-BF4B-00C04F79EFBC}") = "AiService", "AiService\AiService.csproj", "{AE4C158F-C9D6-48C1-9EF9-81FBBBA7842D}"
EndProject
Global
	GlobalSection(SolutionConfigurationPlatforms) = preSolution
		Debug|Any CPU = Debug|Any CPU
		Release|Any CPU = Release|Any CPU
	EndGlobalSection
	GlobalSection(ProjectConfigurationPlatforms) = postSolution
		{AE4C158F-C9D6-48C1-9EF9-81FBBBA7842D}.Debug|Any CPU.ActiveCfg = Debug|Any CPU
		{AE4C158F-C9D6-48C1-9EF9-81FBBBA7842D}.Debug|Any CPU.Build.0 = Debug|Any CPU
		{AE4C158F-C9D6-48C1-9EF9-81FBBBA7842D}.Release|Any CPU.ActiveCfg = Release|Any CPU
		{AE4C158F-C9D6-48C1-9EF9-81FBBBA7842D}.Release|Any CPU.Build.0 = Release|Any CPU
	EndGlobalSection
	GlobalSection(SolutionProperties) = preSolution
		HideSolutionNode = FALSE
	EndGlobalSection
	GlobalSection(ExtensibilityGlobals) = postSolution
		SolutionGuid = {29CE417F-80D2-4F54-80BD-970C10319532}
	EndGlobalSection
EndGlobal
